<?xml version="1.0" encoding="utf-8"?>
<Project ToolsVersion="4.0" xmlns="http://schemas.microsoft.com/developer/msbuild/2003">
  <ItemGroup>
    <ClCompile Include="ChildFrm.cpp">
      <Filter>Source Files</Filter>
    </ClCompile>
    <ClCompile Include="MainFrm.cpp">
      <Filter>Source Files</Filter>
    </ClCompile>
    <ClCompile Include="OutputBar.cpp">
      <Filter>Source Files</Filter>
    </ClCompile>
    <ClCompile Include="PropertiesViewBar.cpp">
      <Filter>Source Files</Filter>
    </ClCompile>
    <ClCompile Include="BCGPSymbolizer.cpp">
      <Filter>Source Files</Filter>
    </ClCompile>
    <ClCompile Include="BCGPSymbolizerDoc.cpp">
      <Filter>Source Files</Filter>
    </ClCompile>
    <ClCompile Include="BCGPSymbolizerView.cpp">
      <Filter>Source Files</Filter>
    </ClCompile>
    <ClCompile Include="ToolBox.cpp">
      <Filter>Source Files</Filter>
    </ClCompile>
    <ClCompile Include="stdafx.cpp">
      <Filter>Source Files</Filter>
    </ClCompile>
    <ClCompile Include="WorkSpaceBar_Line.cpp">
      <Filter>Source Files</Filter>
    </ClCompile>
    <ClCompile Include="WorkSpaceBar_Linepattern.cpp">
      <Filter>Source Files</Filter>
    </ClCompile>
    <ClCompile Include="Symbolizer_Line.cpp">
      <Filter>Source Files</Filter>
    </ClCompile>
    <ClCompile Include="CustomToolTipCtrl.cpp">
      <Filter>Source Files</Filter>
    </ClCompile>
    <ClCompile Include="Symbolizer_Linepattern.cpp">
      <Filter>Source Files</Filter>
    </ClCompile>
    <ClCompile Include="Symbolizer_Raster.cpp">
      <Filter>Source Files</Filter>
    </ClCompile>
    <ClCompile Include="WorkSpaceBar_Raster.cpp">
      <Filter>Source Files</Filter>
    </ClCompile>
    <ClCompile Include="Symbolizer_Point.cpp">
      <Filter>Source Files</Filter>
    </ClCompile>
    <ClCompile Include="WorkSpaceBar_Point.cpp">
      <Filter>Source Files</Filter>
    </ClCompile>
    <ClCompile Include="Symbolizer_Dot.cpp">
      <Filter>Source Files</Filter>
    </ClCompile>
    <ClCompile Include="WorkSpaceBar_Dot.cpp">
      <Filter>Source Files</Filter>
    </ClCompile>
  </ItemGroup>
  <ItemGroup>
    <ClInclude Include="ChildFrm.h">
      <Filter>Header Files</Filter>
    </ClInclude>
    <ClInclude Include="MainFrm.h">
      <Filter>Header Files</Filter>
    </ClInclude>
    <ClInclude Include="OutputBar.h">
      <Filter>Header Files</Filter>
    </ClInclude>
    <ClInclude Include="PropertiesViewBar.h">
      <Filter>Header Files</Filter>
    </ClInclude>
    <ClInclude Include="Resource.h">
      <Filter>Header Files</Filter>
    </ClInclude>
    <ClInclude Include="BCGPSymbolizer.h">
      <Filter>Header Files</Filter>
    </ClInclude>
    <ClInclude Include="BCGPSymbolizerDoc.h">
      <Filter>Header Files</Filter>
    </ClInclude>
    <ClInclude Include="BCGPSymbolizerView.h">
      <Filter>Header Files</Filter>
    </ClInclude>
    <ClInclude Include="stdafx.h">
      <Filter>Header Files</Filter>
    </ClInclude>
    <ClInclude Include="WorkSpaceBar_Line.h">
      <Filter>Header Files</Filter>
    </ClInclude>
    <ClInclude Include="WorkSpaceBar_Linepattern.h">
      <Filter>Header Files</Filter>
    </ClInclude>
    <ClInclude Include="ToolBox.h">
      <Filter>Header Files</Filter>
    </ClInclude>
    <ClInclude Include="Symbolizer_Line.h">
      <Filter>Header Files</Filter>
    </ClInclude>
    <ClInclude Include="CustomToolTipCtrl.h">
      <Filter>Header Files</Filter>
    </ClInclude>
    <ClInclude Include="Symbolizer_Linepattern.h">
      <Filter>Header Files</Filter>
    </ClInclude>
    <ClInclude Include="Symbolizer_Raster.h">
      <Filter>Header Files</Filter>
    </ClInclude>
    <ClInclude Include="WorkSpaceBar_Raster.h">
      <Filter>Header Files</Filter>
    </ClInclude>
    <ClInclude Include="Symbolizer_Point.h">
      <Filter>Header Files</Filter>
    </ClInclude>
    <ClInclude Include="WorkSpaceBar_Point.h">
      <Filter>Header Files</Filter>
    </ClInclude>
    <ClInclude Include="Symbolizer_Dot.h">
      <Filter>Header Files</Filter>
    </ClInclude>
    <ClInclude Include="WorkSpaceBar_Dot.h">
      <Filter>Header Files</Filter>
    </ClInclude>
  </ItemGroup>
  <ItemGroup>
    <Image Include="res\BCGPSymbolizer.ico">
      <Filter>Resource Files</Filter>
    </Image>
    <Image Include="res\BCGPSymbolizerDoc.ico">
      <Filter>Resource Files</Filter>
    </Image>
    <Image Include="res\Toolbar.bmp">
      <Filter>Resource Files</Filter>
    </Image>
    <Image Include="res\Toolbar.png">
      <Filter>Resource Files</Filter>
    </Image>
    <Image Include="UserImages.png">
      <Filter>Resource Files</Filter>
    </Image>
    <Image Include="res\Workspace.png">
      <Filter>Resource Files</Filter>
    </Image>
    <Image Include="res\tools_page1.png">
      <Filter>Resource Files</Filter>
    </Image>
    <Image Include="res\tools_page2.png">
      <Filter>Resource Files</Filter>
    </Image>
    <Image Include="res\icon1.ico">
      <Filter>Resource Files</Filter>
    </Image>
  </ItemGroup>
  <ItemGroup>
    <None Include="res\BCGPSymbolizer.rc2">
      <Filter>Resource Files</Filter>
    </None>
    <None Include="res\BCGPSymbolizer.toolbar.rc2">
      <Filter>Resource Files</Filter>
    </None>
    <None Include="resource.hm">
      <Filter>Header Files</Filter>
    </None>
  </ItemGroup>
  <ItemGroup>
    <Filter Include="Source Files">
      <UniqueIdentifier>{4FC737F1-C7A5-4376-A066-2A32D752A2FF}</UniqueIdentifier>
      <Extensions>cpp;c;cc;cxx;def;odl;idl;hpj;bat;asm;asmx</Extensions>
    </Filter>
    <Filter Include="Header Files">
      <UniqueIdentifier>{93995380-89BD-4b04-88EB-625FBE52EBFB}</UniqueIdentifier>
      <Extensions>h;hh;hpp;hxx;hm;inl;inc;ipp;xsd</Extensions>
    </Filter>
    <Filter Include="Resource Files">
      <UniqueIdentifier>{67DA6AB6-F800-4c08-8B7A-83BB121AAD01}</UniqueIdentifier>
      <Extensions>rc;ico;cur;bmp;dlg;rc2;rct;bin;rgs;gif;jpg;jpeg;jpe;resx;tiff;tif;png;wav;mfcribbon-ms</Extensions>
    </Filter>
  </ItemGroup>
  <ItemGroup>
    <ResourceCompile Include="BCGPSymbolizer.rc">
      <Filter>Resource Files</Filter>
    </ResourceCompile>
  </ItemGroup>
</Project>